# This file is automatically @generated by Cargo.
# It is not intended for manual editing.
version = 4

[[package]]
name = "GUMBO_Library"
version = "0.1.0"
dependencies = [
 "data",
 "verus_builtin",
 "verus_builtin_macros",
 "vstd",
]

[[package]]
name = "autocfg"
version = "1.5.0"
source = "registry+https://github.com/rust-lang/crates.io-index"
checksum = "c08606f8c3cbf4ce6ec8e28fb0014a2c086708fe954eaa885384a6165172e7e8"

[[package]]
name = "data"
version = "0.1.0"
dependencies = [
 "verus_builtin",
 "verus_builtin_macros",
 "vstd",
]

[[package]]
name = "hashbrown"
version = "0.12.3"
source = "registry+https://github.com/rust-lang/crates.io-index"
checksum = "8a9ee70c43aaf417c914396645a0fa852624801b24ebb7ae78fe8272889ac888"

[[package]]
name = "indexmap"
version = "1.9.3"
source = "registry+https://github.com/rust-lang/crates.io-index"
checksum = "bd070e393353796e801d209ad339e89596eb4c8d430d18ede6a1cced8fafbd99"
dependencies = [
 "autocfg",
 "hashbrown",
]

[[package]]
name = "proc-macro2"
version = "1.0.106"
source = "registry+https://github.com/rust-lang/crates.io-index"
checksum = "8fd00f0bb2e90d81d1044c2b32617f68fcb9fa3bb7640c23e9c748e53fb30934"
dependencies = [
 "unicode-ident",
]

[[package]]
name = "quote"
version = "1.0.45"
source = "registry+https://github.com/rust-lang/crates.io-index"
checksum = "41f2619966050689382d2b44f664f4bc593e129785a36d6ee376ddf37259b924"
dependencies = [
 "proc-macro2",
]

[[package]]
name = "syn"
version = "2.0.117"
source = "registry+https://github.com/rust-lang/crates.io-index"
checksum = "e665b8803e7b1d2a727f4023456bbbbe74da67099c585258af0ad9c5013b9b99"
dependencies = [
 "proc-macro2",
 "quote",
 "unicode-ident",
]

[[package]]
name = "synstructure"
version = "0.13.2"
source = "registry+https://github.com/rust-lang/crates.io-index"
checksum = "728a70f3dbaf5bab7f0c4b1ac8d7ae5ea60a4b5549c8a5914361c99147a709d2"
dependencies = [
 "proc-macro2",
 "quote",
 "syn",
]

[[package]]
name = "unicode-ident"
version = "1.0.24"
source = "registry+https://github.com/rust-lang/crates.io-index"
checksum = "e6e4313cd5fcd3dad5cafa179702e2b244f760991f45397d14d4ebf38247da75"

[[package]]
name = "verus_builtin"
version = "0.0.0-2026-01-25-0057"
source = "registry+https://github.com/rust-lang/crates.io-index"
checksum = "eda8cc02517ca6433d1bffbde5685e75ea8d596c30372cd6782db25820b5dac4"

[[package]]
name = "verus_builtin_macros"
version = "0.0.0-2026-01-25-0057"
source = "registry+https://github.com/rust-lang/crates.io-index"
checksum = "bfb25e7607b9157db02674b19e073292c003217fb2fc27363d6aeac7728afa3b"
dependencies = [
 "proc-macro2",
 "quote",
 "syn",
 "synstructure",
 "verus_prettyplease",
 "verus_syn",
]

[[package]]
name = "verus_prettyplease"
version = "0.0.0-2026-01-25-0057"
source = "registry+https://github.com/rust-lang/crates.io-index"
checksum = "abadab37cde6d9fd68d92ef71a46b2c34e0b7e57584a3501d7f2a24169bacdc2"
dependencies = [
 "proc-macro2",
 "verus_syn",
]

[[package]]
name = "verus_state_machines_macros"
version = "0.0.0-2026-01-25-0057"
source = "registry+https://github.com/rust-lang/crates.io-index"
checksum = "9caf90585b9d3182fa7fa2180098b5d32039a9857b7780619ccd73203f339732"
dependencies = [
 "indexmap",
 "proc-macro2",
 "quote",
 "verus_syn",
]

[[package]]
name = "verus_syn"
version = "0.0.0-2026-01-25-0057"
source = "registry+https://github.com/rust-lang/crates.io-index"
checksum = "3efe87367e6aa49c2639208d0d5356b5c6287ae7021ff2d13354ad52924740c1"
dependencies = [
 "proc-macro2",
 "quote",
 "unicode-ident",
]

[[package]]
name = "vstd"
version = "0.0.0-2026-01-25-0057"
source = "registry+https://github.com/rust-lang/crates.io-index"
checksum = "9e9e087457b5c8fc9ce5b046bd290437d6089818c4c635773524fd17d9c517b7"
dependencies = [
 "verus_builtin",
 "verus_builtin_macros",
 "verus_state_machines_macros",
]
